{
  "name": "asm1",
  "lockfileVersion": 2,
  "requires": true,
  "packages": {
    "": {
      "dependencies": {
        "smokejs": "^3.1.0"
      }
    },
    "node_modules/smokejs": {
      "version": "3.1.0",
      "resolved": "https://registry.npmjs.org/smokejs/-/smokejs-3.1.0.tgz",
      "integrity": "sha1-7A9xKzEWGdLhJ0PtQvOpd4El6Ic="
    }
  },
  "dependencies": {
    "smokejs": {
      "version": "3.1.0",
      "resolved": "https://registry.npmjs.org/smokejs/-/smokejs-3.1.0.tgz",
      "integrity": "sha1-7A9xKzEWGdLhJ0PtQvOpd4El6Ic="
    }
  }
}
